{
  "name": "testnpm",
  "version": "1.0.0",
  "lockfileVersion": 2,
  "requires": true,
  "packages": {
    "": {
      "name": "testnpm",
      "version": "1.0.0",
      "license": "ISC",
      "dependencies": {
        "hug01": "^1.0.0"
      }
    },
    "node_modules/hug01": {
      "version": "1.0.0",
      "resolved": "https://registry.npmjs.org/hug01/-/hug01-1.0.0.tgz",
      "integrity": "sha512-E0E/zgttuqxHh1qc5QNsA4RxkW9HQd53nGdRD87LBAhkNda+9mbuHpFTjRTYf+jBojASRp+6X3PEjaXamtb2mw=="
    }
  },
  "dependencies": {
    "hug01": {
      "version": "1.0.0",
      "resolved": "https://registry.npmjs.org/hug01/-/hug01-1.0.0.tgz",
      "integrity": "sha512-E0E/zgttuqxHh1qc5QNsA4RxkW9HQd53nGdRD87LBAhkNda+9mbuHpFTjRTYf+jBojASRp+6X3PEjaXamtb2mw=="
    }
  }
}
